
Microsoft Visual Studio Solution File, Format Version 12.00
# Visual Studio Version 17
VisualStudioVersion = 17.13.35825.156 d17.13
MinimumVisualStudioVersion = 10.0.40219.1
Project("{FAE04EC0-301F-11D3-BF4B-00C04F79EFBC}") = "abulbarovakt-31-22", "abulbarovakt-31-22\abulbarovakt-31-22.csproj", "{752A397C-7260-47E6-B9D0-FF1118C12215}"
EndProject
Global
	GlobalSection(SolutionConfigurationPlatforms) = preSolution
		Debug|Any CPU = Debug|Any CPU
		Release|Any CPU = Release|Any CPU
	EndGlobalSection
	GlobalSection(ProjectConfigurationPlatforms) = postSolution
		{752A397C-7260-47E6-B9D0-FF1118C12215}.Debug|Any CPU.ActiveCfg = Debug|Any CPU
		{752A397C-7260-47E6-B9D0-FF1118C12215}.Debug|Any CPU.Build.0 = Debug|Any CPU
		{752A397C-7260-47E6-B9D0-FF1118C12215}.Release|Any CPU.ActiveCfg = Release|Any CPU
		{752A397C-7260-47E6-B9D0-FF1118C12215}.Release|Any CPU.Build.0 = Release|Any CPU
	EndGlobalSection
	GlobalSection(SolutionProperties) = preSolution
		HideSolutionNode = FALSE
	EndGlobalSection
	GlobalSection(ExtensibilityGlobals) = postSolution
		SolutionGuid = {73E6CEBB-14A2-401D-8177-586704DC0049}
	EndGlobalSection
EndGlobal
